
Microsoft Visual Studio Solution File, Format Version 12.00
# Visual Studio Version 17
VisualStudioVersion = 17.8.34511.84
MinimumVisualStudioVersion = 10.0.40219.1
Project("{FAE04EC0-301F-11D3-BF4B-00C04F79EFBC}") = "Calculator_design", "Calculator_design\Calculator_design.csproj", "{AC7CBD6C-DF3C-496A-8F28-B33C5B2CCC4A}"
EndProject
Global
	GlobalSection(SolutionConfigurationPlatforms) = preSolution
		Debug|Any CPU = Debug|Any CPU
		Release|Any CPU = Release|Any CPU
	EndGlobalSection
	GlobalSection(ProjectConfigurationPlatforms) = postSolution
		{AC7CBD6C-DF3C-496A-8F28-B33C5B2CCC4A}.Debug|Any CPU.ActiveCfg = Debug|Any CPU
		{AC7CBD6C-DF3C-496A-8F28-B33C5B2CCC4A}.Debug|Any CPU.Build.0 = Debug|Any CPU
		{AC7CBD6C-DF3C-496A-8F28-B33C5B2CCC4A}.Release|Any CPU.ActiveCfg = Release|Any CPU
		{AC7CBD6C-DF3C-496A-8F28-B33C5B2CCC4A}.Release|Any CPU.Build.0 = Release|Any CPU
	EndGlobalSection
	GlobalSection(SolutionProperties) = preSolution
		HideSolutionNode = FALSE
	EndGlobalSection
	GlobalSection(ExtensibilityGlobals) = postSolution
		SolutionGuid = {081D2269-E50F-4D7F-85D1-0D7F66B9F316}
	EndGlobalSection
EndGlobal
